// !$*UTF8*$!
{
	archiveVersion = 1;
	classes = {
	};
	objectVersion = 55;
	objects = {

/* Begin PBXBuildFile section */
		6F15886C290D08DC0020892C /* OffsetableScrollView.swift in Sources */ = {isa = PBXBuildFile; fileRef = 6F15886B290D08DC0020892C /* OffsetableScrollView.swift */; };
		6F15886E290D0E920020892C /* StickyHeaderScrollView.swift in Sources */ = {isa = PBXBuildFile; fileRef = 6F15886D290D0E920020892C /* StickyHeaderScrollView.swift */; };
		6F4E50ED2C4A6D1C00B0A582 /* HorizontalScrollView.swift in Sources */ = {isa = PBXBuildFile; fileRef = 6F4E50EC2C4A6D1200B0A582 /* HorizontalScrollView.swift */; };
		6F5A2A4E28A0B973006A52DA /* ContentOffsetPreferenceKey.swift in Sources */ = {isa = PBXBuildFile; fileRef = 6F5A2A4D28A0B973006A52DA /* ContentOffsetPreferenceKey.swift */; };
		6F5A2A5028A20245006A52DA /* ScrollViewController.swift in Sources */ = {isa = PBXBuildFile; fileRef = 6F5A2A4F28A20245006A52DA /* ScrollViewController.swift */; };
		6FAF8C4E2BC3D44000C92AC7 /* SpotlightView.swift in Sources */ = {isa = PBXBuildFile; fileRef = 6FAF8C4D2BC3D44000C92AC7 /* SpotlightView.swift */; };
		BC794A4B273FC4BA00D65EF7 /* Pager.swift in Sources */ = {isa = PBXBuildFile; fileRef = BC794A4A273FC4BA00D65EF7 /* Pager.swift */; };
		BC7FA8AE2771C9B800A26503 /* AccordionView.swift in Sources */ = {isa = PBXBuildFile; fileRef = BC7FA8AD2771C9B800A26503 /* AccordionView.swift */; };
		BCC1F6362743865800F15913 /* CoordinatorLayout.swift in Sources */ = {isa = PBXBuildFile; fileRef = BCC1F6352743865800F15913 /* CoordinatorLayout.swift */; };
		F4FFADAD26EB476000B20477 /* SwiftUIStylebookApp.swift in Sources */ = {isa = PBXBuildFile; fileRef = F4FFADAC26EB476000B20477 /* SwiftUIStylebookApp.swift */; };
		F4FFADAF26EB476000B20477 /* ContentView.swift in Sources */ = {isa = PBXBuildFile; fileRef = F4FFADAE26EB476000B20477 /* ContentView.swift */; };
		F4FFADB126EB476400B20477 /* Assets.xcassets in Resources */ = {isa = PBXBuildFile; fileRef = F4FFADB026EB476400B20477 /* Assets.xcassets */; };
		F4FFADB426EB476400B20477 /* Preview Assets.xcassets in Resources */ = {isa = PBXBuildFile; fileRef = F4FFADB326EB476400B20477 /* Preview Assets.xcassets */; };
		F4FFADBC26EB47BB00B20477 /* HalfModalView.swift in Sources */ = {isa = PBXBuildFile; fileRef = F4FFADBB26EB47BB00B20477 /* HalfModalView.swift */; };
		F4FFADBE26EC980F00B20477 /* PhotoPickerWithHalfModal.swift in Sources */ = {isa = PBXBuildFile; fileRef = F4FFADBD26EC980F00B20477 /* PhotoPickerWithHalfModal.swift */; };
/* End PBXBuildFile section */

/* Begin PBXFileReference section */
		6F15886B290D08DC0020892C /* OffsetableScrollView.swift */ = {isa = PBXFileReference; lastKnownFileType = sourcecode.swift; path = OffsetableScrollView.swift; sourceTree = "<group>"; };
		6F15886D290D0E920020892C /* StickyHeaderScrollView.swift */ = {isa = PBXFileReference; lastKnownFileType = sourcecode.swift; path = StickyHeaderScrollView.swift; sourceTree = "<group>"; };
		6F4E50EC2C4A6D1200B0A582 /* HorizontalScrollView.swift */ = {isa = PBXFileReference; lastKnownFileType = sourcecode.swift; path = HorizontalScrollView.swift; sourceTree = "<group>"; };
		6F5A2A4D28A0B973006A52DA /* ContentOffsetPreferenceKey.swift */ = {isa = PBXFileReference; lastKnownFileType = sourcecode.swift; path = ContentOffsetPreferenceKey.swift; sourceTree = "<group>"; };
		6F5A2A4F28A20245006A52DA /* ScrollViewController.swift */ = {isa = PBXFileReference; lastKnownFileType = sourcecode.swift; path = ScrollViewController.swift; sourceTree = "<group>"; };
		6FAF8C4D2BC3D44000C92AC7 /* SpotlightView.swift */ = {isa = PBXFileReference; lastKnownFileType = sourcecode.swift; path = SpotlightView.swift; sourceTree = "<group>"; };
		BC794A4A273FC4BA00D65EF7 /* Pager.swift */ = {isa = PBXFileReference; lastKnownFileType = sourcecode.swift; path = Pager.swift; sourceTree = "<group>"; };
		BC7FA8AD2771C9B800A26503 /* AccordionView.swift */ = {isa = PBXFileReference; lastKnownFileType = sourcecode.swift; path = AccordionView.swift; sourceTree = "<group>"; };
		BCC1F6352743865800F15913 /* CoordinatorLayout.swift */ = {isa = PBXFileReference; lastKnownFileType = sourcecode.swift; path = CoordinatorLayout.swift; sourceTree = "<group>"; };
		F4FFADA926EB476000B20477 /* SwiftUIStylebook.app */ = {isa = PBXFileReference; explicitFileType = wrapper.application; includeInIndex = 0; path = SwiftUIStylebook.app; sourceTree = BUILT_PRODUCTS_DIR; };
		F4FFADAC26EB476000B20477 /* SwiftUIStylebookApp.swift */ = {isa = PBXFileReference; lastKnownFileType = sourcecode.swift; path = SwiftUIStylebookApp.swift; sourceTree = "<group>"; };
		F4FFADAE26EB476000B20477 /* ContentView.swift */ = {isa = PBXFileReference; lastKnownFileType = sourcecode.swift; path = ContentView.swift; sourceTree = "<group>"; };
		F4FFADB026EB476400B20477 /* Assets.xcassets */ = {isa = PBXFileReference; lastKnownFileType = folder.assetcatalog; path = Assets.xcassets; sourceTree = "<group>"; };
		F4FFADB326EB476400B20477 /* Preview Assets.xcassets */ = {isa = PBXFileReference; lastKnownFileType = folder.assetcatalog; path = "Preview Assets.xcassets"; sourceTree = "<group>"; };
		F4FFADBB26EB47BB00B20477 /* HalfModalView.swift */ = {isa = PBXFileReference; fileEncoding = 4; lastKnownFileType = sourcecode.swift; path = HalfModalView.swift; sourceTree = "<group>"; };
		F4FFADBD26EC980F00B20477 /* PhotoPickerWithHalfModal.swift */ = {isa = PBXFileReference; lastKnownFileType = sourcecode.swift; path = PhotoPickerWithHalfModal.swift; sourceTree = "<group>"; };
/* End PBXFileReference section */

/* Begin PBXFrameworksBuildPhase section */
		F4FFADA626EB476000B20477 /* Frameworks */ = {
			isa = PBXFrameworksBuildPhase;
			buildActionMask = 2147483647;
			files = (
			);
			runOnlyForDeploymentPostprocessing = 0;
		};
/* End PBXFrameworksBuildPhase section */

/* Begin PBXGroup section */
		6F5A2A4C28A0B940006A52DA /* Shared */ = {
			isa = PBXGroup;
			children = (
				6F5A2A4D28A0B973006A52DA /* ContentOffsetPreferenceKey.swift */,
				6F5A2A4F28A20245006A52DA /* ScrollViewController.swift */,
				6F15886B290D08DC0020892C /* OffsetableScrollView.swift */,
			);
			path = Shared;
			sourceTree = "<group>";
		};
		F4FFADA026EB476000B20477 = {
			isa = PBXGroup;
			children = (
				F4FFADAB26EB476000B20477 /* SwiftUIStylebook */,
				F4FFADAA26EB476000B20477 /* Products */,
			);
			sourceTree = "<group>";
		};
		F4FFADAA26EB476000B20477 /* Products */ = {
			isa = PBXGroup;
			children = (
				F4FFADA926EB476000B20477 /* SwiftUIStylebook.app */,
			);
			name = Products;
			sourceTree = "<group>";
		};
		F4FFADAB26EB476000B20477 /* SwiftUIStylebook */ = {
			isa = PBXGroup;
			children = (
				6F5A2A4C28A0B940006A52DA /* Shared */,
				F4FFADBA26EB47A000B20477 /* UIComponents */,
				F4FFADAC26EB476000B20477 /* SwiftUIStylebookApp.swift */,
				F4FFADAE26EB476000B20477 /* ContentView.swift */,
				F4FFADB026EB476400B20477 /* Assets.xcassets */,
				F4FFADB226EB476400B20477 /* Preview Content */,
			);
			path = SwiftUIStylebook;
			sourceTree = "<group>";
		};
		F4FFADB226EB476400B20477 /* Preview Content */ = {
			isa = PBXGroup;
			children = (
				F4FFADB326EB476400B20477 /* Preview Assets.xcassets */,
			);
			path = "Preview Content";
			sourceTree = "<group>";
		};
		F4FFADBA26EB47A000B20477 /* UIComponents */ = {
			isa = PBXGroup;
			children = (
				6F4E50EC2C4A6D1200B0A582 /* HorizontalScrollView.swift */,
				F4FFADBB26EB47BB00B20477 /* HalfModalView.swift */,
				F4FFADBD26EC980F00B20477 /* PhotoPickerWithHalfModal.swift */,
				BC794A4A273FC4BA00D65EF7 /* Pager.swift */,
				BCC1F6352743865800F15913 /* CoordinatorLayout.swift */,
				BC7FA8AD2771C9B800A26503 /* AccordionView.swift */,
				6F15886D290D0E920020892C /* StickyHeaderScrollView.swift */,
				6FAF8C4D2BC3D44000C92AC7 /* SpotlightView.swift */,
			);
			path = UIComponents;
			sourceTree = "<group>";
		};
/* End PBXGroup section */

/* Begin PBXNativeTarget section */
		F4FFADA826EB476000B20477 /* SwiftUIStylebook */ = {
			isa = PBXNativeTarget;
			buildConfigurationList = F4FFADB726EB476400B20477 /* Build configuration list for PBXNativeTarget "SwiftUIStylebook" */;
			buildPhases = (
				F4FFADA526EB476000B20477 /* Sources */,
				F4FFADA626EB476000B20477 /* Frameworks */,
				F4FFADA726EB476000B20477 /* Resources */,
			);
			buildRules = (
			);
			dependencies = (
			);
			name = SwiftUIStylebook;
			productName = SwiftUIStyleGuide;
			productReference = F4FFADA926EB476000B20477 /* SwiftUIStylebook.app */;
			productType = "com.apple.product-type.application";
		};
/* End PBXNativeTarget section */

/* Begin PBXProject section */
		F4FFADA126EB476000B20477 /* Project object */ = {
			isa = PBXProject;
			attributes = {
				BuildIndependentTargetsInParallel = 1;
				LastSwiftUpdateCheck = 1300;
				LastUpgradeCheck = 1300;
				TargetAttributes = {
					F4FFADA826EB476000B20477 = {
						CreatedOnToolsVersion = 13.0;
					};
				};
			};
			buildConfigurationList = F4FFADA426EB476000B20477 /* Build configuration list for PBXProject "SwiftUIStylebook" */;
			compatibilityVersion = "Xcode 13.0";
			developmentRegion = en;
			hasScannedForEncodings = 0;
			knownRegions = (
				en,
				Base,
			);
			mainGroup = F4FFADA026EB476000B20477;
			productRefGroup = F4FFADAA26EB476000B20477 /* Products */;
			projectDirPath = "";
			projectRoot = "";
			targets = (
				F4FFADA826EB476000B20477 /* SwiftUIStylebook */,
			);
		};
/* End PBXProject section */

/* Begin PBXResourcesBuildPhase section */
		F4FFADA726EB476000B20477 /* Resources */ = {
			isa = PBXResourcesBuildPhase;
			buildActionMask = 2147483647;
			files = (
				F4FFADB426EB476400B20477 /* Preview Assets.xcassets in Resources */,
				F4FFADB126EB476400B20477 /* Assets.xcassets in Resources */,
			);
			runOnlyForDeploymentPostprocessing = 0;
		};
/* End PBXResourcesBuildPhase section */

/* Begin PBXSourcesBuildPhase section */
		F4FFADA526EB476000B20477 /* Sources */ = {
			isa = PBXSourcesBuildPhase;
			buildActionMask = 2147483647;
			files = (
				BCC1F6362743865800F15913 /* CoordinatorLayout.swift in Sources */,
				F4FFADAF26EB476000B20477 /* ContentView.swift in Sources */,
				6F15886C290D08DC0020892C /* OffsetableScrollView.swift in Sources */,
				6F5A2A4E28A0B973006A52DA /* ContentOffsetPreferenceKey.swift in Sources */,
				BC794A4B273FC4BA00D65EF7 /* Pager.swift in Sources */,
				6F4E50ED2C4A6D1C00B0A582 /* HorizontalScrollView.swift in Sources */,
				6F5A2A5028A20245006A52DA /* ScrollViewController.swift in Sources */,
				BC7FA8AE2771C9B800A26503 /* AccordionView.swift in Sources */,
				F4FFADBE26EC980F00B20477 /* PhotoPickerWithHalfModal.swift in Sources */,
				F4FFADBC26EB47BB00B20477 /* HalfModalView.swift in Sources */,
				6F15886E290D0E920020892C /* StickyHeaderScrollView.swift in Sources */,
				F4FFADAD26EB476000B20477 /* SwiftUIStylebookApp.swift in Sources */,
				6FAF8C4E2BC3D44000C92AC7 /* SpotlightView.swift in Sources */,
			);
			runOnlyForDeploymentPostprocessing = 0;
		};
/* End PBXSourcesBuildPhase section */

/* Begin XCBuildConfiguration section */
		F4FFADB526EB476400B20477 /* Debug */ = {
			isa = XCBuildConfiguration;
			buildSettings = {
				ALWAYS_SEARCH_USER_PATHS = NO;
				CLANG_ANALYZER_NONNULL = YES;
				CLANG_ANALYZER_NUMBER_OBJECT_CONVERSION = YES_AGGRESSIVE;
				CLANG_CXX_LANGUAGE_STANDARD = "gnu++17";
				CLANG_CXX_LIBRARY = "libc++";
				CLANG_ENABLE_MODULES = YES;
				CLANG_ENABLE_OBJC_ARC = YES;
				CLANG_ENABLE_OBJC_WEAK = YES;
				CLANG_WARN_BLOCK_CAPTURE_AUTORELEASING = YES;
				CLANG_WARN_BOOL_CONVERSION = YES;
				CLANG_WARN_COMMA = YES;
				CLANG_WARN_CONSTANT_CONVERSION = YES;
				CLANG_WARN_DEPRECATED_OBJC_IMPLEMENTATIONS = YES;
				CLANG_WARN_DIRECT_OBJC_ISA_USAGE = YES_ERROR;
				CLANG_WARN_DOCUMENTATION_COMMENTS = YES;
				CLANG_WARN_EMPTY_BODY = YES;
				CLANG_WARN_ENUM_CONVERSION = YES;
				CLANG_WARN_INFINITE_RECURSION = YES;
				CLANG_WARN_INT_CONVERSION = YES;
				CLANG_WARN_NON_LITERAL_NULL_CONVERSION = YES;
				CLANG_WARN_OBJC_IMPLICIT_RETAIN_SELF = YES;
				CLANG_WARN_OBJC_LITERAL_CONVERSION = YES;
				CLANG_WARN_OBJC_ROOT_CLASS = YES_ERROR;
				CLANG_WARN_QUOTED_INCLUDE_IN_FRAMEWORK_HEADER = YES;
				CLANG_WARN_RANGE_LOOP_ANALYSIS = YES;
				CLANG_WARN_STRICT_PROTOTYPES = YES;
				CLANG_WARN_SUSPICIOUS_MOVE = YES;
				CLANG_WARN_UNGUARDED_AVAILABILITY = YES_AGGRESSIVE;
				CLANG_WARN_UNREACHABLE_CODE = YES;
				CLANG_WARN__DUPLICATE_METHOD_MATCH = YES;
				COPY_PHASE_STRIP = NO;
				DEBUG_INFORMATION_FORMAT = dwarf;
				ENABLE_STRICT_OBJC_MSGSEND = YES;
				ENABLE_TESTABILITY = YES;
				GCC_C_LANGUAGE_STANDARD = gnu11;
				GCC_DYNAMIC_NO_PIC = NO;
				GCC_NO_COMMON_BLOCKS = YES;
				GCC_OPTIMIZATION_LEVEL = 0;
				GCC_PREPROCESSOR_DEFINITIONS = (
					"DEBUG=1",
					"$(inherited)",
				);
				GCC_WARN_64_TO_32_BIT_CONVERSION = YES;
				GCC_WARN_ABOUT_RETURN_TYPE = YES_ERROR;
				GCC_WARN_UNDECLARED_SELECTOR = YES;
				GCC_WARN_UNINITIALIZED_AUTOS = YES_AGGRESSIVE;
				GCC_WARN_UNUSED_FUNCTION = YES;
				GCC_WARN_UNUSED_VARIABLE = YES;
				IPHONEOS_DEPLOYMENT_TARGET = 17.0;
				MTL_ENABLE_DEBUG_INFO = INCLUDE_SOURCE;
				MTL_FAST_MATH = YES;
				ONLY_ACTIVE_ARCH = YES;
				SDKROOT = iphoneos;
				SWIFT_ACTIVE_COMPILATION_CONDITIONS = DEBUG;
				SWIFT_OPTIMIZATION_LEVEL = "-Onone";
			};
			name = Debug;
		};
		F4FFADB626EB476400B20477 /* Release */ = {
			isa = XCBuildConfiguration;
			buildSettings = {
				ALWAYS_SEARCH_USER_PATHS = NO;
				CLANG_ANALYZER_NONNULL = YES;
				CLANG_ANALYZER_NUMBER_OBJECT_CONVERSION = YES_AGGRESSIVE;
				CLANG_CXX_LANGUAGE_STANDARD = "gnu++17";
				CLANG_CXX_LIBRARY = "libc++";
				CLANG_ENABLE_MODULES = YES;
				CLANG_ENABLE_OBJC_ARC = YES;
				CLANG_ENABLE_OBJC_WEAK = YES;
				CLANG_WARN_BLOCK_CAPTURE_AUTORELEASING = YES;
				CLANG_WARN_BOOL_CONVERSION = YES;
				CLANG_WARN_COMMA = YES;
				CLANG_WARN_CONSTANT_CONVERSION = YES;
				CLANG_WARN_DEPRECATED_OBJC_IMPLEMENTATIONS = YES;
				CLANG_WARN_DIRECT_OBJC_ISA_USAGE = YES_ERROR;
				CLANG_WARN_DOCUMENTATION_COMMENTS = YES;
				CLANG_WARN_EMPTY_BODY = YES;
				CLANG_WARN_ENUM_CONVERSION = YES;
				CLANG_WARN_INFINITE_RECURSION = YES;
				CLANG_WARN_INT_CONVERSION = YES;
				CLANG_WARN_NON_LITERAL_NULL_CONVERSION = YES;
				CLANG_WARN_OBJC_IMPLICIT_RETAIN_SELF = YES;
				CLANG_WARN_OBJC_LITERAL_CONVERSION = YES;
				CLANG_WARN_OBJC_ROOT_CLASS = YES_ERROR;
				CLANG_WARN_QUOTED_INCLUDE_IN_FRAMEWORK_HEADER = YES;
				CLANG_WARN_RANGE_LOOP_ANALYSIS = YES;
				CLANG_WARN_STRICT_PROTOTYPES = YES;
				CLANG_WARN_SUSPICIOUS_MOVE = YES;
				CLANG_WARN_UNGUARDED_AVAILABILITY = YES_AGGRESSIVE;
				CLANG_WARN_UNREACHABLE_CODE = YES;
				CLANG_WARN__DUPLICATE_METHOD_MATCH = YES;
				COPY_PHASE_STRIP = NO;
				DEBUG_INFORMATION_FORMAT = "dwarf-with-dsym";
				ENABLE_NS_ASSERTIONS = NO;
				ENABLE_STRICT_OBJC_MSGSEND = YES;
				GCC_C_LANGUAGE_STANDARD = gnu11;
				GCC_NO_COMMON_BLOCKS = YES;
				GCC_WARN_64_TO_32_BIT_CONVERSION = YES;
				GCC_WARN_ABOUT_RETURN_TYPE = YES_ERROR;
				GCC_WARN_UNDECLARED_SELECTOR = YES;
				GCC_WARN_UNINITIALIZED_AUTOS = YES_AGGRESSIVE;
				GCC_WARN_UNUSED_FUNCTION = YES;
				GCC_WARN_UNUSED_VARIABLE = YES;
				IPHONEOS_DEPLOYMENT_TARGET = 17.0;
				MTL_ENABLE_DEBUG_INFO = NO;
				MTL_FAST_MATH = YES;
				SDKROOT = iphoneos;
				SWIFT_COMPILATION_MODE = wholemodule;
				SWIFT_OPTIMIZATION_LEVEL = "-O";
				VALIDATE_PRODUCT = YES;
			};
			name = Release;
		};
		F4FFADB826EB476400B20477 /* Debug */ = {
			isa = XCBuildConfiguration;
			buildSettings = {
				ASSETCATALOG_COMPILER_APPICON_NAME = AppIcon;
				ASSETCATALOG_COMPILER_GLOBAL_ACCENT_COLOR_NAME = AccentColor;
				CODE_SIGN_STYLE = Automatic;
				CURRENT_PROJECT_VERSION = 1;
				DEVELOPMENT_ASSET_PATHS = "\"SwiftUIStylebook/Preview Content\"";
				DEVELOPMENT_TEAM = LU7T99HSUL;
				ENABLE_PREVIEWS = YES;
				GENERATE_INFOPLIST_FILE = YES;
				INFOPLIST_KEY_UIApplicationSceneManifest_Generation = YES;
				INFOPLIST_KEY_UIApplicationSupportsIndirectInputEvents = YES;
				INFOPLIST_KEY_UILaunchScreen_Generation = YES;
				INFOPLIST_KEY_UISupportedInterfaceOrientations_iPad = "UIInterfaceOrientationPortrait UIInterfaceOrientationPortraitUpsideDown UIInterfaceOrientationLandscapeLeft UIInterfaceOrientationLandscapeRight";
				INFOPLIST_KEY_UISupportedInterfaceOrientations_iPhone = "UIInterfaceOrientationPortrait UIInterfaceOrientationLandscapeLeft UIInterfaceOrientationLandscapeRight";
				IPHONEOS_DEPLOYMENT_TARGET = 17.0;
				LD_RUNPATH_SEARCH_PATHS = (
					"$(inherited)",
					"@executable_path/Frameworks",
				);
				MARKETING_VERSION = 1.0;
				PRODUCT_BUNDLE_IDENTIFIER = com.ueshun.SwiftUIStylebook;
				PRODUCT_NAME = "$(TARGET_NAME)";
				SWIFT_EMIT_LOC_STRINGS = YES;
				SWIFT_VERSION = 5.0;
				TARGETED_DEVICE_FAMILY = "1,2";
			};
			name = Debug;
		};
		F4FFADB926EB476400B20477 /* Release */ = {
			isa = XCBuildConfiguration;
			buildSettings = {
				ASSETCATALOG_COMPILER_APPICON_NAME = AppIcon;
				ASSETCATALOG_COMPILER_GLOBAL_ACCENT_COLOR_NAME = AccentColor;
				CODE_SIGN_STYLE = Automatic;
				CURRENT_PROJECT_VERSION = 1;
				DEVELOPMENT_ASSET_PATHS = "\"SwiftUIStylebook/Preview Content\"";
				DEVELOPMENT_TEAM = LU7T99HSUL;
				ENABLE_PREVIEWS = YES;
				GENERATE_INFOPLIST_FILE = YES;
				INFOPLIST_KEY_UIApplicationSceneManifest_Generation = YES;
				INFOPLIST_KEY_UIApplicationSupportsIndirectInputEvents = YES;
				INFOPLIST_KEY_UILaunchScreen_Generation = YES;
				INFOPLIST_KEY_UISupportedInterfaceOrientations_iPad = "UIInterfaceOrientationPortrait UIInterfaceOrientationPortraitUpsideDown UIInterfaceOrientationLandscapeLeft UIInterfaceOrientationLandscapeRight";
				INFOPLIST_KEY_UISupportedInterfaceOrientations_iPhone = "UIInterfaceOrientationPortrait UIInterfaceOrientationLandscapeLeft UIInterfaceOrientationLandscapeRight";
				IPHONEOS_DEPLOYMENT_TARGET = 17.0;
				LD_RUNPATH_SEARCH_PATHS = (
					"$(inherited)",
					"@executable_path/Frameworks",
				);
				MARKETING_VERSION = 1.0;
				PRODUCT_BUNDLE_IDENTIFIER = com.ueshun.SwiftUIStylebook;
				PRODUCT_NAME = "$(TARGET_NAME)";
				SWIFT_EMIT_LOC_STRINGS = YES;
				SWIFT_VERSION = 5.0;
				TARGETED_DEVICE_FAMILY = "1,2";
			};
			name = Release;
		};
/* End XCBuildConfiguration section */

/* Begin XCConfigurationList section */
		F4FFADA426EB476000B20477 /* Build configuration list for PBXProject "SwiftUIStylebook" */ = {
			isa = XCConfigurationList;
			buildConfigurations = (
				F4FFADB526EB476400B20477 /* Debug */,
				F4FFADB626EB476400B20477 /* Release */,
			);
			defaultConfigurationIsVisible = 0;
			defaultConfigurationName = Release;
		};
		F4FFADB726EB476400B20477 /* Build configuration list for PBXNativeTarget "SwiftUIStylebook" */ = {
			isa = XCConfigurationList;
			buildConfigurations = (
				F4FFADB826EB476400B20477 /* Debug */,
				F4FFADB926EB476400B20477 /* Release */,
			);
			defaultConfigurationIsVisible = 0;
			defaultConfigurationName = Release;
		};
/* End XCConfigurationList section */
	};
	rootObject = F4FFADA126EB476000B20477 /* Project object */;
}
